<Solution>
  <Project Path="api/api.csproj" />
  <Project Path="Application/Application.csproj" />
  <Project Path="Domain/Domain.csproj" />
  <Project Path="Infrastructure/Infrastructure.csproj" />
  <Project Path="tests/Api.Tests/Api.Tests.csproj" />
  <Project Path="tests/Application.Tests/Application.Tests.csproj" />
  <Project Path="tests/Domain.Tests/Domain.Tests.csproj" />
</Solution>
